
Microsoft Visual Studio Solution File, Format Version 12.00
# Visual Studio Version 17
VisualStudioVersion = 17.9.34728.123
MinimumVisualStudioVersion = 10.0.40219.1
Project("{9A19103F-16F7-4668-BE54-9A1E7A4F7556}") = "RailCAD", "RailCAD\RailCAD.csproj", "{19F5C80A-449C-481E-9A2F-15D767CBB346}"
EndProject
Project("{9A19103F-16F7-4668-BE54-9A1E7A4F7556}") = "RailCAD.Tests", "RailCAD.Tests\RailCAD.Tests.csproj", "{1E261B65-ADC1-4BFA-A9F4-D5C68ED3B130}"
EndProject
Project("{2150E333-8FDC-42A3-9474-1A3956D46DE8}") = "Solution Items", "Solution Items", "{16484BB4-85E1-4843-ABC5-A4377E1FC2B1}"
	ProjectSection(SolutionItems) = preProject
		README.md = README.md
	EndProjectSection
EndProject
Global
	GlobalSection(SolutionConfigurationPlatforms) = preSolution
		ACAD|Any CPU = ACAD|Any CPU
		ACAD|x64 = ACAD|x64
		BCAD|Any CPU = BCAD|Any CPU
		BCAD|x64 = BCAD|x64
		GCAD|Any CPU = GCAD|Any CPU
		GCAD|x64 = GCAD|x64
		ZCAD|Any CPU = ZCAD|Any CPU
		ZCAD|x64 = ZCAD|x64
	EndGlobalSection
	GlobalSection(ProjectConfigurationPlatforms) = postSolution
		{19F5C80A-449C-481E-9A2F-15D767CBB346}.ACAD|Any CPU.ActiveCfg = ACAD|Any CPU
		{19F5C80A-449C-481E-9A2F-15D767CBB346}.ACAD|Any CPU.Build.0 = ACAD|Any CPU
		{19F5C80A-449C-481E-9A2F-15D767CBB346}.ACAD|x64.ActiveCfg = ACAD|x64
		{19F5C80A-449C-481E-9A2F-15D767CBB346}.ACAD|x64.Build.0 = ACAD|x64
		{19F5C80A-449C-481E-9A2F-15D767CBB346}.BCAD|Any CPU.ActiveCfg = BCAD|Any CPU
		{19F5C80A-449C-481E-9A2F-15D767CBB346}.BCAD|Any CPU.Build.0 = BCAD|Any CPU
		{19F5C80A-449C-481E-9A2F-15D767CBB346}.BCAD|x64.ActiveCfg = BCAD|x64
		{19F5C80A-449C-481E-9A2F-15D767CBB346}.BCAD|x64.Build.0 = BCAD|x64
		{19F5C80A-449C-481E-9A2F-15D767CBB346}.GCAD|Any CPU.ActiveCfg = GCAD|Any CPU
		{19F5C80A-449C-481E-9A2F-15D767CBB346}.GCAD|Any CPU.Build.0 = GCAD|Any CPU
		{19F5C80A-449C-481E-9A2F-15D767CBB346}.GCAD|x64.ActiveCfg = GCAD|x64
		{19F5C80A-449C-481E-9A2F-15D767CBB346}.GCAD|x64.Build.0 = GCAD|x64
		{19F5C80A-449C-481E-9A2F-15D767CBB346}.ZCAD|Any CPU.ActiveCfg = ZCAD|Any CPU
		{19F5C80A-449C-481E-9A2F-15D767CBB346}.ZCAD|Any CPU.Build.0 = ZCAD|Any CPU
		{19F5C80A-449C-481E-9A2F-15D767CBB346}.ZCAD|x64.ActiveCfg = ZCAD|x64
		{19F5C80A-449C-481E-9A2F-15D767CBB346}.ZCAD|x64.Build.0 = ZCAD|x64
		{1E261B65-ADC1-4BFA-A9F4-D5C68ED3B130}.ACAD|Any CPU.ActiveCfg = ACAD|Any CPU
		{1E261B65-ADC1-4BFA-A9F4-D5C68ED3B130}.ACAD|Any CPU.Build.0 = ACAD|Any CPU
		{1E261B65-ADC1-4BFA-A9F4-D5C68ED3B130}.ACAD|x64.ActiveCfg = ACAD|x64
		{1E261B65-ADC1-4BFA-A9F4-D5C68ED3B130}.ACAD|x64.Build.0 = ACAD|x64
		{1E261B65-ADC1-4BFA-A9F4-D5C68ED3B130}.BCAD|Any CPU.ActiveCfg = BCAD|Any CPU
		{1E261B65-ADC1-4BFA-A9F4-D5C68ED3B130}.BCAD|Any CPU.Build.0 = BCAD|Any CPU
		{1E261B65-ADC1-4BFA-A9F4-D5C68ED3B130}.BCAD|x64.ActiveCfg = BCAD|x64
		{1E261B65-ADC1-4BFA-A9F4-D5C68ED3B130}.BCAD|x64.Build.0 = BCAD|x64
		{1E261B65-ADC1-4BFA-A9F4-D5C68ED3B130}.GCAD|Any CPU.ActiveCfg = GCAD|Any CPU
		{1E261B65-ADC1-4BFA-A9F4-D5C68ED3B130}.GCAD|Any CPU.Build.0 = GCAD|Any CPU
		{1E261B65-ADC1-4BFA-A9F4-D5C68ED3B130}.GCAD|x64.ActiveCfg = GCAD|x64
		{1E261B65-ADC1-4BFA-A9F4-D5C68ED3B130}.GCAD|x64.Build.0 = GCAD|x64
		{1E261B65-ADC1-4BFA-A9F4-D5C68ED3B130}.ZCAD|Any CPU.ActiveCfg = ZCAD|Any CPU
		{1E261B65-ADC1-4BFA-A9F4-D5C68ED3B130}.ZCAD|Any CPU.Build.0 = ZCAD|Any CPU
		{1E261B65-ADC1-4BFA-A9F4-D5C68ED3B130}.ZCAD|x64.ActiveCfg = ZCAD|x64
		{1E261B65-ADC1-4BFA-A9F4-D5C68ED3B130}.ZCAD|x64.Build.0 = ZCAD|x64
	EndGlobalSection
	GlobalSection(SolutionProperties) = preSolution
		HideSolutionNode = FALSE
	EndGlobalSection
	GlobalSection(ExtensibilityGlobals) = postSolution
		SolutionGuid = {74F2C1CD-04A2-4BE3-ABB5-7FBFE855F9DD}
	EndGlobalSection
EndGlobal
